// !$*UTF8*$!
{
	archiveVersion = 1;
	classes = {
	};
	objectVersion = 56;
	objects = {

/* Begin PBXBuildFile section */
		0993FDC32BDA294500BA3B01 /* POCCoreDataApp.swift in Sources */ = {isa = PBXBuildFile; fileRef = 0993FDC22BDA294500BA3B01 /* POCCoreDataApp.swift */; };
		0993FDC52BDA294500BA3B01 /* ContentView.swift in Sources */ = {isa = PBXBuildFile; fileRef = 0993FDC42BDA294500BA3B01 /* ContentView.swift */; };
		0993FDC72BDA295500BA3B01 /* Assets.xcassets in Resources */ = {isa = PBXBuildFile; fileRef = 0993FDC62BDA295500BA3B01 /* Assets.xcassets */; };
		0993FDCA2BDA295500BA3B01 /* Preview Assets.xcassets in Resources */ = {isa = PBXBuildFile; fileRef = 0993FDC92BDA295500BA3B01 /* Preview Assets.xcassets */; };
		0993FDCC2BDA295500BA3B01 /* CoreDataManager.swift in Sources */ = {isa = PBXBuildFile; fileRef = 0993FDCB2BDA295500BA3B01 /* CoreDataManager.swift */; };
		0993FDCF2BDA295500BA3B01 /* POCCoreData.xcdatamodeld in Sources */ = {isa = PBXBuildFile; fileRef = 0993FDCD2BDA295500BA3B01 /* POCCoreData.xcdatamodeld */; };
		0993FDD92BDA295600BA3B01 /* POCCoreDataTests.swift in Sources */ = {isa = PBXBuildFile; fileRef = 0993FDD82BDA295600BA3B01 /* POCCoreDataTests.swift */; };
		0993FDE32BDA295600BA3B01 /* POCCoreDataUITests.swift in Sources */ = {isa = PBXBuildFile; fileRef = 0993FDE22BDA295600BA3B01 /* POCCoreDataUITests.swift */; };
		0993FDE52BDA295600BA3B01 /* POCCoreDataUITestsLaunchTests.swift in Sources */ = {isa = PBXBuildFile; fileRef = 0993FDE42BDA295600BA3B01 /* POCCoreDataUITestsLaunchTests.swift */; };
		09BDFBB72BDF845700E5863A /* Crashable.xcdatamodeld in Sources */ = {isa = PBXBuildFile; fileRef = 09BDFBB52BDF845700E5863A /* Crashable.xcdatamodeld */; };
		09BDFBB92BDF87C500E5863A /* POCCrashable.swift in Sources */ = {isa = PBXBuildFile; fileRef = 09BDFBB82BDF87C500E5863A /* POCCrashable.swift */; };
		09BDFBBB2BDFB56700E5863A /* TestFile.swift in Sources */ = {isa = PBXBuildFile; fileRef = 09BDFBBA2BDFB56700E5863A /* TestFile.swift */; };
/* End PBXBuildFile section */

/* Begin PBXContainerItemProxy section */
		0993FDD52BDA295600BA3B01 /* PBXContainerItemProxy */ = {
			isa = PBXContainerItemProxy;
			containerPortal = 0993FDB72BDA294500BA3B01 /* Project object */;
			proxyType = 1;
			remoteGlobalIDString = 0993FDBE2BDA294500BA3B01;
			remoteInfo = POCCoreData;
		};
		0993FDDF2BDA295600BA3B01 /* PBXContainerItemProxy */ = {
			isa = PBXContainerItemProxy;
			containerPortal = 0993FDB72BDA294500BA3B01 /* Project object */;
			proxyType = 1;
			remoteGlobalIDString = 0993FDBE2BDA294500BA3B01;
			remoteInfo = POCCoreData;
		};
/* End PBXContainerItemProxy section */

/* Begin PBXFileReference section */
		0993FDBF2BDA294500BA3B01 /* POCCoreData.app */ = {isa = PBXFileReference; explicitFileType = wrapper.application; includeInIndex = 0; path = POCCoreData.app; sourceTree = BUILT_PRODUCTS_DIR; };
		0993FDC22BDA294500BA3B01 /* POCCoreDataApp.swift */ = {isa = PBXFileReference; lastKnownFileType = sourcecode.swift; path = POCCoreDataApp.swift; sourceTree = "<group>"; };
		0993FDC42BDA294500BA3B01 /* ContentView.swift */ = {isa = PBXFileReference; lastKnownFileType = sourcecode.swift; path = ContentView.swift; sourceTree = "<group>"; };
		0993FDC62BDA295500BA3B01 /* Assets.xcassets */ = {isa = PBXFileReference; lastKnownFileType = folder.assetcatalog; path = Assets.xcassets; sourceTree = "<group>"; };
		0993FDC92BDA295500BA3B01 /* Preview Assets.xcassets */ = {isa = PBXFileReference; lastKnownFileType = folder.assetcatalog; path = "Preview Assets.xcassets"; sourceTree = "<group>"; };
		0993FDCB2BDA295500BA3B01 /* CoreDataManager.swift */ = {isa = PBXFileReference; lastKnownFileType = sourcecode.swift; path = CoreDataManager.swift; sourceTree = "<group>"; };
		0993FDCE2BDA295500BA3B01 /* POCCoreData.xcdatamodel */ = {isa = PBXFileReference; lastKnownFileType = wrapper.xcdatamodel; path = POCCoreData.xcdatamodel; sourceTree = "<group>"; };
		0993FDD42BDA295600BA3B01 /* POCCoreDataTests.xctest */ = {isa = PBXFileReference; explicitFileType = wrapper.cfbundle; includeInIndex = 0; path = POCCoreDataTests.xctest; sourceTree = BUILT_PRODUCTS_DIR; };
		0993FDD82BDA295600BA3B01 /* POCCoreDataTests.swift */ = {isa = PBXFileReference; lastKnownFileType = sourcecode.swift; path = POCCoreDataTests.swift; sourceTree = "<group>"; };
		0993FDDE2BDA295600BA3B01 /* POCCoreDataUITests.xctest */ = {isa = PBXFileReference; explicitFileType = wrapper.cfbundle; includeInIndex = 0; path = POCCoreDataUITests.xctest; sourceTree = BUILT_PRODUCTS_DIR; };
		0993FDE22BDA295600BA3B01 /* POCCoreDataUITests.swift */ = {isa = PBXFileReference; lastKnownFileType = sourcecode.swift; path = POCCoreDataUITests.swift; sourceTree = "<group>"; };
		0993FDE42BDA295600BA3B01 /* POCCoreDataUITestsLaunchTests.swift */ = {isa = PBXFileReference; lastKnownFileType = sourcecode.swift; path = POCCoreDataUITestsLaunchTests.swift; sourceTree = "<group>"; };
		09BDFBB62BDF845700E5863A /* Crashable.xcdatamodel */ = {isa = PBXFileReference; lastKnownFileType = wrapper.xcdatamodel; path = Crashable.xcdatamodel; sourceTree = "<group>"; };
		09BDFBB82BDF87C500E5863A /* POCCrashable.swift */ = {isa = PBXFileReference; lastKnownFileType = sourcecode.swift; path = POCCrashable.swift; sourceTree = "<group>"; };
		09BDFBBA2BDFB56700E5863A /* TestFile.swift */ = {isa = PBXFileReference; lastKnownFileType = sourcecode.swift; path = TestFile.swift; sourceTree = "<group>"; };
/* End PBXFileReference section */

/* Begin PBXFrameworksBuildPhase section */
		0993FDBC2BDA294500BA3B01 /* Frameworks */ = {
			isa = PBXFrameworksBuildPhase;
			buildActionMask = 2147483647;
			files = (
			);
			runOnlyForDeploymentPostprocessing = 0;
		};
		0993FDD12BDA295600BA3B01 /* Frameworks */ = {
			isa = PBXFrameworksBuildPhase;
			buildActionMask = 2147483647;
			files = (
			);
			runOnlyForDeploymentPostprocessing = 0;
		};
		0993FDDB2BDA295600BA3B01 /* Frameworks */ = {
			isa = PBXFrameworksBuildPhase;
			buildActionMask = 2147483647;
			files = (
			);
			runOnlyForDeploymentPostprocessing = 0;
		};
/* End PBXFrameworksBuildPhase section */

/* Begin PBXGroup section */
		0993FDB62BDA294500BA3B01 = {
			isa = PBXGroup;
			children = (
				0993FDC12BDA294500BA3B01 /* POCCoreData */,
				0993FDD72BDA295600BA3B01 /* POCCoreDataTests */,
				0993FDE12BDA295600BA3B01 /* POCCoreDataUITests */,
				0993FDC02BDA294500BA3B01 /* Products */,
			);
			sourceTree = "<group>";
		};
		0993FDC02BDA294500BA3B01 /* Products */ = {
			isa = PBXGroup;
			children = (
				0993FDBF2BDA294500BA3B01 /* POCCoreData.app */,
				0993FDD42BDA295600BA3B01 /* POCCoreDataTests.xctest */,
				0993FDDE2BDA295600BA3B01 /* POCCoreDataUITests.xctest */,
			);
			name = Products;
			sourceTree = "<group>";
		};
		0993FDC12BDA294500BA3B01 /* POCCoreData */ = {
			isa = PBXGroup;
			children = (
				0993FDC22BDA294500BA3B01 /* POCCoreDataApp.swift */,
				0993FDC42BDA294500BA3B01 /* ContentView.swift */,
				0993FDC62BDA295500BA3B01 /* Assets.xcassets */,
				0993FDCB2BDA295500BA3B01 /* CoreDataManager.swift */,
				0993FDCD2BDA295500BA3B01 /* POCCoreData.xcdatamodeld */,
				09BDFBB52BDF845700E5863A /* Crashable.xcdatamodeld */,
				09BDFBB82BDF87C500E5863A /* POCCrashable.swift */,
				09BDFBBA2BDFB56700E5863A /* TestFile.swift */,
				0993FDC82BDA295500BA3B01 /* Preview Content */,
			);
			path = POCCoreData;
			sourceTree = "<group>";
		};
		0993FDC82BDA295500BA3B01 /* Preview Content */ = {
			isa = PBXGroup;
			children = (
				0993FDC92BDA295500BA3B01 /* Preview Assets.xcassets */,
			);
			path = "Preview Content";
			sourceTree = "<group>";
		};
		0993FDD72BDA295600BA3B01 /* POCCoreDataTests */ = {
			isa = PBXGroup;
			children = (
				0993FDD82BDA295600BA3B01 /* POCCoreDataTests.swift */,
			);
			path = POCCoreDataTests;
			sourceTree = "<group>";
		};
		0993FDE12BDA295600BA3B01 /* POCCoreDataUITests */ = {
			isa = PBXGroup;
			children = (
				0993FDE22BDA295600BA3B01 /* POCCoreDataUITests.swift */,
				0993FDE42BDA295600BA3B01 /* POCCoreDataUITestsLaunchTests.swift */,
			);
			path = POCCoreDataUITests;
			sourceTree = "<group>";
		};
/* End PBXGroup section */

/* Begin PBXNativeTarget section */
		0993FDBE2BDA294500BA3B01 /* POCCoreData */ = {
			isa = PBXNativeTarget;
			buildConfigurationList = 0993FDE82BDA295600BA3B01 /* Build configuration list for PBXNativeTarget "POCCoreData" */;
			buildPhases = (
				0993FDBB2BDA294500BA3B01 /* Sources */,
				0993FDBC2BDA294500BA3B01 /* Frameworks */,
				0993FDBD2BDA294500BA3B01 /* Resources */,
			);
			buildRules = (
			);
			dependencies = (
			);
			name = POCCoreData;
			productName = POCCoreData;
			productReference = 0993FDBF2BDA294500BA3B01 /* POCCoreData.app */;
			productType = "com.apple.product-type.application";
		};
		0993FDD32BDA295600BA3B01 /* POCCoreDataTests */ = {
			isa = PBXNativeTarget;
			buildConfigurationList = 0993FDEB2BDA295600BA3B01 /* Build configuration list for PBXNativeTarget "POCCoreDataTests" */;
			buildPhases = (
				0993FDD02BDA295600BA3B01 /* Sources */,
				0993FDD12BDA295600BA3B01 /* Frameworks */,
				0993FDD22BDA295600BA3B01 /* Resources */,
			);
			buildRules = (
			);
			dependencies = (
				0993FDD62BDA295600BA3B01 /* PBXTargetDependency */,
			);
			name = POCCoreDataTests;
			productName = POCCoreDataTests;
			productReference = 0993FDD42BDA295600BA3B01 /* POCCoreDataTests.xctest */;
			productType = "com.apple.product-type.bundle.unit-test";
		};
		0993FDDD2BDA295600BA3B01 /* POCCoreDataUITests */ = {
			isa = PBXNativeTarget;
			buildConfigurationList = 0993FDEE2BDA295600BA3B01 /* Build configuration list for PBXNativeTarget "POCCoreDataUITests" */;
			buildPhases = (
				0993FDDA2BDA295600BA3B01 /* Sources */,
				0993FDDB2BDA295600BA3B01 /* Frameworks */,
				0993FDDC2BDA295600BA3B01 /* Resources */,
			);
			buildRules = (
			);
			dependencies = (
				0993FDE02BDA295600BA3B01 /* PBXTargetDependency */,
			);
			name = POCCoreDataUITests;
			productName = POCCoreDataUITests;
			productReference = 0993FDDE2BDA295600BA3B01 /* POCCoreDataUITests.xctest */;
			productType = "com.apple.product-type.bundle.ui-testing";
		};
/* End PBXNativeTarget section */

/* Begin PBXProject section */
		0993FDB72BDA294500BA3B01 /* Project object */ = {
			isa = PBXProject;
			attributes = {
				BuildIndependentTargetsInParallel = 1;
				LastSwiftUpdateCheck = 1530;
				LastUpgradeCheck = 1530;
				TargetAttributes = {
					0993FDBE2BDA294500BA3B01 = {
						CreatedOnToolsVersion = 15.3;
					};
					0993FDD32BDA295600BA3B01 = {
						CreatedOnToolsVersion = 15.3;
						TestTargetID = 0993FDBE2BDA294500BA3B01;
					};
					0993FDDD2BDA295600BA3B01 = {
						CreatedOnToolsVersion = 15.3;
						TestTargetID = 0993FDBE2BDA294500BA3B01;
					};
				};
			};
			buildConfigurationList = 0993FDBA2BDA294500BA3B01 /* Build configuration list for PBXProject "POCCoreData" */;
			compatibilityVersion = "Xcode 14.0";
			developmentRegion = en;
			hasScannedForEncodings = 0;
			knownRegions = (
				en,
				Base,
			);
			mainGroup = 0993FDB62BDA294500BA3B01;
			productRefGroup = 0993FDC02BDA294500BA3B01 /* Products */;
			projectDirPath = "";
			projectRoot = "";
			targets = (
				0993FDBE2BDA294500BA3B01 /* POCCoreData */,
				0993FDD32BDA295600BA3B01 /* POCCoreDataTests */,
				0993FDDD2BDA295600BA3B01 /* POCCoreDataUITests */,
			);
		};
/* End PBXProject section */

/* Begin PBXResourcesBuildPhase section */
		0993FDBD2BDA294500BA3B01 /* Resources */ = {
			isa = PBXResourcesBuildPhase;
			buildActionMask = 2147483647;
			files = (
				0993FDCA2BDA295500BA3B01 /* Preview Assets.xcassets in Resources */,
				0993FDC72BDA295500BA3B01 /* Assets.xcassets in Resources */,
			);
			runOnlyForDeploymentPostprocessing = 0;
		};
		0993FDD22BDA295600BA3B01 /* Resources */ = {
			isa = PBXResourcesBuildPhase;
			buildActionMask = 2147483647;
			files = (
			);
			runOnlyForDeploymentPostprocessing = 0;
		};
		0993FDDC2BDA295600BA3B01 /* Resources */ = {
			isa = PBXResourcesBuildPhase;
			buildActionMask = 2147483647;
			files = (
			);
			runOnlyForDeploymentPostprocessing = 0;
		};
/* End PBXResourcesBuildPhase section */

/* Begin PBXSourcesBuildPhase section */
		0993FDBB2BDA294500BA3B01 /* Sources */ = {
			isa = PBXSourcesBuildPhase;
			buildActionMask = 2147483647;
			files = (
				09BDFBB72BDF845700E5863A /* Crashable.xcdatamodeld in Sources */,
				0993FDCC2BDA295500BA3B01 /* CoreDataManager.swift in Sources */,
				0993FDCF2BDA295500BA3B01 /* POCCoreData.xcdatamodeld in Sources */,
				09BDFBBB2BDFB56700E5863A /* TestFile.swift in Sources */,
				0993FDC52BDA294500BA3B01 /* ContentView.swift in Sources */,
				09BDFBB92BDF87C500E5863A /* POCCrashable.swift in Sources */,
				0993FDC32BDA294500BA3B01 /* POCCoreDataApp.swift in Sources */,
			);
			runOnlyForDeploymentPostprocessing = 0;
		};
		0993FDD02BDA295600BA3B01 /* Sources */ = {
			isa = PBXSourcesBuildPhase;
			buildActionMask = 2147483647;
			files = (
				0993FDD92BDA295600BA3B01 /* POCCoreDataTests.swift in Sources */,
			);
			runOnlyForDeploymentPostprocessing = 0;
		};
		0993FDDA2BDA295600BA3B01 /* Sources */ = {
			isa = PBXSourcesBuildPhase;
			buildActionMask = 2147483647;
			files = (
				0993FDE52BDA295600BA3B01 /* POCCoreDataUITestsLaunchTests.swift in Sources */,
				0993FDE32BDA295600BA3B01 /* POCCoreDataUITests.swift in Sources */,
			);
			runOnlyForDeploymentPostprocessing = 0;
		};
/* End PBXSourcesBuildPhase section */

/* Begin PBXTargetDependency section */
		0993FDD62BDA295600BA3B01 /* PBXTargetDependency */ = {
			isa = PBXTargetDependency;
			target = 0993FDBE2BDA294500BA3B01 /* POCCoreData */;
			targetProxy = 0993FDD52BDA295600BA3B01 /* PBXContainerItemProxy */;
		};
		0993FDE02BDA295600BA3B01 /* PBXTargetDependency */ = {
			isa = PBXTargetDependency;
			target = 0993FDBE2BDA294500BA3B01 /* POCCoreData */;
			targetProxy = 0993FDDF2BDA295600BA3B01 /* PBXContainerItemProxy */;
		};
/* End PBXTargetDependency section */

/* Begin XCBuildConfiguration section */
		0993FDE62BDA295600BA3B01 /* Debug */ = {
			isa = XCBuildConfiguration;
			buildSettings = {
				ALWAYS_SEARCH_USER_PATHS = NO;
				ASSETCATALOG_COMPILER_GENERATE_SWIFT_ASSET_SYMBOL_EXTENSIONS = YES;
				CLANG_ANALYZER_NONNULL = YES;
				CLANG_ANALYZER_NUMBER_OBJECT_CONVERSION = YES_AGGRESSIVE;
				CLANG_CXX_LANGUAGE_STANDARD = "gnu++20";
				CLANG_ENABLE_MODULES = YES;
				CLANG_ENABLE_OBJC_ARC = YES;
				CLANG_ENABLE_OBJC_WEAK = YES;
				CLANG_WARN_BLOCK_CAPTURE_AUTORELEASING = YES;
				CLANG_WARN_BOOL_CONVERSION = YES;
				CLANG_WARN_COMMA = YES;
				CLANG_WARN_CONSTANT_CONVERSION = YES;
				CLANG_WARN_DEPRECATED_OBJC_IMPLEMENTATIONS = YES;
				CLANG_WARN_DIRECT_OBJC_ISA_USAGE = YES_ERROR;
				CLANG_WARN_DOCUMENTATION_COMMENTS = YES;
				CLANG_WARN_EMPTY_BODY = YES;
				CLANG_WARN_ENUM_CONVERSION = YES;
				CLANG_WARN_INFINITE_RECURSION = YES;
				CLANG_WARN_INT_CONVERSION = YES;
				CLANG_WARN_NON_LITERAL_NULL_CONVERSION = YES;
				CLANG_WARN_OBJC_IMPLICIT_RETAIN_SELF = YES;
				CLANG_WARN_OBJC_LITERAL_CONVERSION = YES;
				CLANG_WARN_OBJC_ROOT_CLASS = YES_ERROR;
				CLANG_WARN_QUOTED_INCLUDE_IN_FRAMEWORK_HEADER = YES;
				CLANG_WARN_RANGE_LOOP_ANALYSIS = YES;
				CLANG_WARN_STRICT_PROTOTYPES = YES;
				CLANG_WARN_SUSPICIOUS_MOVE = YES;
				CLANG_WARN_UNGUARDED_AVAILABILITY = YES_AGGRESSIVE;
				CLANG_WARN_UNREACHABLE_CODE = YES;
				CLANG_WARN__DUPLICATE_METHOD_MATCH = YES;
				COPY_PHASE_STRIP = NO;
				DEBUG_INFORMATION_FORMAT = dwarf;
				ENABLE_STRICT_OBJC_MSGSEND = YES;
				ENABLE_TESTABILITY = YES;
				ENABLE_USER_SCRIPT_SANDBOXING = YES;
				GCC_C_LANGUAGE_STANDARD = gnu17;
				GCC_DYNAMIC_NO_PIC = NO;
				GCC_NO_COMMON_BLOCKS = YES;
				GCC_OPTIMIZATION_LEVEL = 0;
				GCC_PREPROCESSOR_DEFINITIONS = (
					"DEBUG=1",
					"$(inherited)",
				);
				GCC_WARN_64_TO_32_BIT_CONVERSION = YES;
				GCC_WARN_ABOUT_RETURN_TYPE = YES_ERROR;
				GCC_WARN_UNDECLARED_SELECTOR = YES;
				GCC_WARN_UNINITIALIZED_AUTOS = YES_AGGRESSIVE;
				GCC_WARN_UNUSED_FUNCTION = YES;
				GCC_WARN_UNUSED_VARIABLE = YES;
				IPHONEOS_DEPLOYMENT_TARGET = 17.4;
				LOCALIZATION_PREFERS_STRING_CATALOGS = YES;
				MTL_ENABLE_DEBUG_INFO = INCLUDE_SOURCE;
				MTL_FAST_MATH = YES;
				ONLY_ACTIVE_ARCH = YES;
				SDKROOT = iphoneos;
				SWIFT_ACTIVE_COMPILATION_CONDITIONS = "DEBUG $(inherited)";
				SWIFT_OPTIMIZATION_LEVEL = "-Onone";
			};
			name = Debug;
		};
		0993FDE72BDA295600BA3B01 /* Release */ = {
			isa = XCBuildConfiguration;
			buildSettings = {
				ALWAYS_SEARCH_USER_PATHS = NO;
				ASSETCATALOG_COMPILER_GENERATE_SWIFT_ASSET_SYMBOL_EXTENSIONS = YES;
				CLANG_ANALYZER_NONNULL = YES;
				CLANG_ANALYZER_NUMBER_OBJECT_CONVERSION = YES_AGGRESSIVE;
				CLANG_CXX_LANGUAGE_STANDARD = "gnu++20";
				CLANG_ENABLE_MODULES = YES;
				CLANG_ENABLE_OBJC_ARC = YES;
				CLANG_ENABLE_OBJC_WEAK = YES;
				CLANG_WARN_BLOCK_CAPTURE_AUTORELEASING = YES;
				CLANG_WARN_BOOL_CONVERSION = YES;
				CLANG_WARN_COMMA = YES;
				CLANG_WARN_CONSTANT_CONVERSION = YES;
				CLANG_WARN_DEPRECATED_OBJC_IMPLEMENTATIONS = YES;
				CLANG_WARN_DIRECT_OBJC_ISA_USAGE = YES_ERROR;
				CLANG_WARN_DOCUMENTATION_COMMENTS = YES;
				CLANG_WARN_EMPTY_BODY = YES;
				CLANG_WARN_ENUM_CONVERSION = YES;
				CLANG_WARN_INFINITE_RECURSION = YES;
				CLANG_WARN_INT_CONVERSION = YES;
				CLANG_WARN_NON_LITERAL_NULL_CONVERSION = YES;
				CLANG_WARN_OBJC_IMPLICIT_RETAIN_SELF = YES;
				CLANG_WARN_OBJC_LITERAL_CONVERSION = YES;
				CLANG_WARN_OBJC_ROOT_CLASS = YES_ERROR;
				CLANG_WARN_QUOTED_INCLUDE_IN_FRAMEWORK_HEADER = YES;
				CLANG_WARN_RANGE_LOOP_ANALYSIS = YES;
				CLANG_WARN_STRICT_PROTOTYPES = YES;
				CLANG_WARN_SUSPICIOUS_MOVE = YES;
				CLANG_WARN_UNGUARDED_AVAILABILITY = YES_AGGRESSIVE;
				CLANG_WARN_UNREACHABLE_CODE = YES;
				CLANG_WARN__DUPLICATE_METHOD_MATCH = YES;
				COPY_PHASE_STRIP = NO;
				DEBUG_INFORMATION_FORMAT = "dwarf-with-dsym";
				ENABLE_NS_ASSERTIONS = NO;
				ENABLE_STRICT_OBJC_MSGSEND = YES;
				ENABLE_USER_SCRIPT_SANDBOXING = YES;
				GCC_C_LANGUAGE_STANDARD = gnu17;
				GCC_NO_COMMON_BLOCKS = YES;
				GCC_WARN_64_TO_32_BIT_CONVERSION = YES;
				GCC_WARN_ABOUT_RETURN_TYPE = YES_ERROR;
				GCC_WARN_UNDECLARED_SELECTOR = YES;
				GCC_WARN_UNINITIALIZED_AUTOS = YES_AGGRESSIVE;
				GCC_WARN_UNUSED_FUNCTION = YES;
				GCC_WARN_UNUSED_VARIABLE = YES;
				IPHONEOS_DEPLOYMENT_TARGET = 17.4;
				LOCALIZATION_PREFERS_STRING_CATALOGS = YES;
				MTL_ENABLE_DEBUG_INFO = NO;
				MTL_FAST_MATH = YES;
				SDKROOT = iphoneos;
				SWIFT_COMPILATION_MODE = wholemodule;
				VALIDATE_PRODUCT = YES;
			};
			name = Release;
		};
		0993FDE92BDA295600BA3B01 /* Debug */ = {
			isa = XCBuildConfiguration;
			buildSettings = {
				ASSETCATALOG_COMPILER_APPICON_NAME = AppIcon;
				ASSETCATALOG_COMPILER_GLOBAL_ACCENT_COLOR_NAME = AccentColor;
				CODE_SIGN_STYLE = Automatic;
				CURRENT_PROJECT_VERSION = 1;
				DEVELOPMENT_ASSET_PATHS = "\"POCCoreData/Preview Content\"";
				DEVELOPMENT_TEAM = 7R8T6UX7M7;
				ENABLE_PREVIEWS = YES;
				GENERATE_INFOPLIST_FILE = YES;
				INFOPLIST_KEY_UIApplicationSceneManifest_Generation = YES;
				INFOPLIST_KEY_UIApplicationSupportsIndirectInputEvents = YES;
				INFOPLIST_KEY_UILaunchScreen_Generation = YES;
				INFOPLIST_KEY_UISupportedInterfaceOrientations_iPad = "UIInterfaceOrientationPortrait UIInterfaceOrientationPortraitUpsideDown UIInterfaceOrientationLandscapeLeft UIInterfaceOrientationLandscapeRight";
				INFOPLIST_KEY_UISupportedInterfaceOrientations_iPhone = "UIInterfaceOrientationPortrait UIInterfaceOrientationLandscapeLeft UIInterfaceOrientationLandscapeRight";
				IPHONEOS_DEPLOYMENT_TARGET = 17.4;
				LD_RUNPATH_SEARCH_PATHS = (
					"$(inherited)",
					"@executable_path/Frameworks",
				);
				MARKETING_VERSION = 17.4;
				PRODUCT_BUNDLE_IDENTIFIER = com.Raje.POCCoreData;
				PRODUCT_NAME = "$(TARGET_NAME)";
				SWIFT_EMIT_LOC_STRINGS = YES;
				SWIFT_VERSION = 5.0;
				TARGETED_DEVICE_FAMILY = "1,2";
			};
			name = Debug;
		};
		0993FDEA2BDA295600BA3B01 /* Release */ = {
			isa = XCBuildConfiguration;
			buildSettings = {
				ASSETCATALOG_COMPILER_APPICON_NAME = AppIcon;
				ASSETCATALOG_COMPILER_GLOBAL_ACCENT_COLOR_NAME = AccentColor;
				CODE_SIGN_STYLE = Automatic;
				CURRENT_PROJECT_VERSION = 1;
				DEVELOPMENT_ASSET_PATHS = "\"POCCoreData/Preview Content\"";
				DEVELOPMENT_TEAM = 7R8T6UX7M7;
				ENABLE_PREVIEWS = YES;
				GENERATE_INFOPLIST_FILE = YES;
				INFOPLIST_KEY_UIApplicationSceneManifest_Generation = YES;
				INFOPLIST_KEY_UIApplicationSupportsIndirectInputEvents = YES;
				INFOPLIST_KEY_UILaunchScreen_Generation = YES;
				INFOPLIST_KEY_UISupportedInterfaceOrientations_iPad = "UIInterfaceOrientationPortrait UIInterfaceOrientationPortraitUpsideDown UIInterfaceOrientationLandscapeLeft UIInterfaceOrientationLandscapeRight";
				INFOPLIST_KEY_UISupportedInterfaceOrientations_iPhone = "UIInterfaceOrientationPortrait UIInterfaceOrientationLandscapeLeft UIInterfaceOrientationLandscapeRight";
				IPHONEOS_DEPLOYMENT_TARGET = 17.4;
				LD_RUNPATH_SEARCH_PATHS = (
					"$(inherited)",
					"@executable_path/Frameworks",
				);
				MARKETING_VERSION = 17.4;
				PRODUCT_BUNDLE_IDENTIFIER = com.Raje.POCCoreData;
				PRODUCT_NAME = "$(TARGET_NAME)";
				SWIFT_EMIT_LOC_STRINGS = YES;
				SWIFT_VERSION = 5.0;
				TARGETED_DEVICE_FAMILY = "1,2";
			};
			name = Release;
		};
		0993FDEC2BDA295600BA3B01 /* Debug */ = {
			isa = XCBuildConfiguration;
			buildSettings = {
				ALWAYS_EMBED_SWIFT_STANDARD_LIBRARIES = YES;
				BUNDLE_LOADER = "$(TEST_HOST)";
				CODE_SIGN_STYLE = Automatic;
				CURRENT_PROJECT_VERSION = 1;
				DEVELOPMENT_TEAM = 7R8T6UX7M7;
				GENERATE_INFOPLIST_FILE = YES;
				IPHONEOS_DEPLOYMENT_TARGET = 17.4;
				MARKETING_VERSION = 1.0;
				PRODUCT_BUNDLE_IDENTIFIER = com.Raje.POCCoreDataTests;
				PRODUCT_NAME = "$(TARGET_NAME)";
				SWIFT_EMIT_LOC_STRINGS = NO;
				SWIFT_VERSION = 5.0;
				TARGETED_DEVICE_FAMILY = "1,2";
				TEST_HOST = "$(BUILT_PRODUCTS_DIR)/POCCoreData.app/$(BUNDLE_EXECUTABLE_FOLDER_PATH)/POCCoreData";
			};
			name = Debug;
		};
		0993FDED2BDA295600BA3B01 /* Release */ = {
			isa = XCBuildConfiguration;
			buildSettings = {
				ALWAYS_EMBED_SWIFT_STANDARD_LIBRARIES = YES;
				BUNDLE_LOADER = "$(TEST_HOST)";
				CODE_SIGN_STYLE = Automatic;
				CURRENT_PROJECT_VERSION = 1;
				DEVELOPMENT_TEAM = 7R8T6UX7M7;
				GENERATE_INFOPLIST_FILE = YES;
				IPHONEOS_DEPLOYMENT_TARGET = 17.4;
				MARKETING_VERSION = 1.0;
				PRODUCT_BUNDLE_IDENTIFIER = com.Raje.POCCoreDataTests;
				PRODUCT_NAME = "$(TARGET_NAME)";
				SWIFT_EMIT_LOC_STRINGS = NO;
				SWIFT_VERSION = 5.0;
				TARGETED_DEVICE_FAMILY = "1,2";
				TEST_HOST = "$(BUILT_PRODUCTS_DIR)/POCCoreData.app/$(BUNDLE_EXECUTABLE_FOLDER_PATH)/POCCoreData";
			};
			name = Release;
		};
		0993FDEF2BDA295600BA3B01 /* Debug */ = {
			isa = XCBuildConfiguration;
			buildSettings = {
				ALWAYS_EMBED_SWIFT_STANDARD_LIBRARIES = YES;
				CODE_SIGN_STYLE = Automatic;
				CURRENT_PROJECT_VERSION = 1;
				DEVELOPMENT_TEAM = 7R8T6UX7M7;
				GENERATE_INFOPLIST_FILE = YES;
				MARKETING_VERSION = 1.0;
				PRODUCT_BUNDLE_IDENTIFIER = com.Raje.POCCoreDataUITests;
				PRODUCT_NAME = "$(TARGET_NAME)";
				SWIFT_EMIT_LOC_STRINGS = NO;
				SWIFT_VERSION = 5.0;
				TARGETED_DEVICE_FAMILY = "1,2";
				TEST_TARGET_NAME = POCCoreData;
			};
			name = Debug;
		};
		0993FDF02BDA295600BA3B01 /* Release */ = {
			isa = XCBuildConfiguration;
			buildSettings = {
				ALWAYS_EMBED_SWIFT_STANDARD_LIBRARIES = YES;
				CODE_SIGN_STYLE = Automatic;
				CURRENT_PROJECT_VERSION = 1;
				DEVELOPMENT_TEAM = 7R8T6UX7M7;
				GENERATE_INFOPLIST_FILE = YES;
				MARKETING_VERSION = 1.0;
				PRODUCT_BUNDLE_IDENTIFIER = com.Raje.POCCoreDataUITests;
				PRODUCT_NAME = "$(TARGET_NAME)";
				SWIFT_EMIT_LOC_STRINGS = NO;
				SWIFT_VERSION = 5.0;
				TARGETED_DEVICE_FAMILY = "1,2";
				TEST_TARGET_NAME = POCCoreData;
			};
			name = Release;
		};
/* End XCBuildConfiguration section */

/* Begin XCConfigurationList section */
		0993FDBA2BDA294500BA3B01 /* Build configuration list for PBXProject "POCCoreData" */ = {
			isa = XCConfigurationList;
			buildConfigurations = (
				0993FDE62BDA295600BA3B01 /* Debug */,
				0993FDE72BDA295600BA3B01 /* Release */,
			);
			defaultConfigurationIsVisible = 0;
			defaultConfigurationName = Release;
		};
		0993FDE82BDA295600BA3B01 /* Build configuration list for PBXNativeTarget "POCCoreData" */ = {
			isa = XCConfigurationList;
			buildConfigurations = (
				0993FDE92BDA295600BA3B01 /* Debug */,
				0993FDEA2BDA295600BA3B01 /* Release */,
			);
			defaultConfigurationIsVisible = 0;
			defaultConfigurationName = Release;
		};
		0993FDEB2BDA295600BA3B01 /* Build configuration list for PBXNativeTarget "POCCoreDataTests" */ = {
			isa = XCConfigurationList;
			buildConfigurations = (
				0993FDEC2BDA295600BA3B01 /* Debug */,
				0993FDED2BDA295600BA3B01 /* Release */,
			);
			defaultConfigurationIsVisible = 0;
			defaultConfigurationName = Release;
		};
		0993FDEE2BDA295600BA3B01 /* Build configuration list for PBXNativeTarget "POCCoreDataUITests" */ = {
			isa = XCConfigurationList;
			buildConfigurations = (
				0993FDEF2BDA295600BA3B01 /* Debug */,
				0993FDF02BDA295600BA3B01 /* Release */,
			);
			defaultConfigurationIsVisible = 0;
			defaultConfigurationName = Release;
		};
/* End XCConfigurationList section */

/* Begin XCVersionGroup section */
		0993FDCD2BDA295500BA3B01 /* POCCoreData.xcdatamodeld */ = {
			isa = XCVersionGroup;
			children = (
				0993FDCE2BDA295500BA3B01 /* POCCoreData.xcdatamodel */,
			);
			currentVersion = 0993FDCE2BDA295500BA3B01 /* POCCoreData.xcdatamodel */;
			path = POCCoreData.xcdatamodeld;
			sourceTree = "<group>";
			versionGroupType = wrapper.xcdatamodel;
		};
		09BDFBB52BDF845700E5863A /* Crashable.xcdatamodeld */ = {
			isa = XCVersionGroup;
			children = (
				09BDFBB62BDF845700E5863A /* Crashable.xcdatamodel */,
			);
			currentVersion = 09BDFBB62BDF845700E5863A /* Crashable.xcdatamodel */;
			name = Crashable.xcdatamodeld;
			path = "/Users/Saket/Library/CloudStorage/OneDrive-GEMSEDUCATION/Saket/Software/IOS App Development - SwiftUI/POCCoreData/POCCoreData/Crashable.xcdatamodeld";
			sourceTree = "<group>";
			versionGroupType = wrapper.xcdatamodel;
		};
/* End XCVersionGroup section */
	};
	rootObject = 0993FDB72BDA294500BA3B01 /* Project object */;
}
